{
  "name": "websocket",
  "version": "1.0.0",
  "lockfileVersion": 1,
  "requires": true,
  "dependencies": {
    "@stomp/stompjs": {
      "version": "6.0.0",
      "resolved": "https://registry.npmjs.org/@stomp/stompjs/-/stompjs-6.0.0.tgz",
      "integrity": "sha512-mMTltM/I9MkoOQip89jh/8P53IC50I4T87/chSxJDX4aNInRSpKxSZ/f7umjWPvYfrqcRTpFmKa7Z4cp2iojng==",
      "dev": true
    },
    "bourbon": {
      "version": "7.0.0",
      "resolved": "https://registry.npmjs.org/bourbon/-/bourbon-7.0.0.tgz",
      "integrity": "sha512-49kyBY+4gwnEvnez8H0TzFjfNZpUVdCmmS873S9nQ6YUuh2+qesbOh8lA+9gAuWlqtYlF+/3Etxm/13RhceOrg=="
    }
  }
}
