{
  "name": "websocket",
  "version": "1.0.0",
  "lockfileVersion": 1,
  "requires": true,
  "dependencies": {
    "@stomp/stompjs": {
      "version": "6.0.0",
      "resolved": "https://registry.npmjs.org/@stomp/stompjs/-/stompjs-6.0.0.tgz",
      "integrity": "sha512-mMTltM/I9MkoOQip89jh/8P53IC50I4T87/chSxJDX4aNInRSpKxSZ/f7umjWPvYfrqcRTpFmKa7Z4cp2iojng==",
      "dev": true
    }
  }
}
